
Microsoft Visual Studio Solution File, Format Version 12.00
# Visual Studio Version 16
VisualStudioVersion = 16.0.31729.503
MinimumVisualStudioVersion = 10.0.40219.1
Project("{FAE04EC0-301F-11D3-BF4B-00C04F79EFBC}") = "№1.7", "№1.7\№1.7.csproj", "{422ACFD8-5C13-4391-AAFB-DC09C34D5ED7}"
EndProject
Global
	GlobalSection(SolutionConfigurationPlatforms) = preSolution
		Debug|Any CPU = Debug|Any CPU
		Release|Any CPU = Release|Any CPU
	EndGlobalSection
	GlobalSection(ProjectConfigurationPlatforms) = postSolution
		{422ACFD8-5C13-4391-AAFB-DC09C34D5ED7}.Debug|Any CPU.ActiveCfg = Debug|Any CPU
		{422ACFD8-5C13-4391-AAFB-DC09C34D5ED7}.Debug|Any CPU.Build.0 = Debug|Any CPU
		{422ACFD8-5C13-4391-AAFB-DC09C34D5ED7}.Release|Any CPU.ActiveCfg = Release|Any CPU
		{422ACFD8-5C13-4391-AAFB-DC09C34D5ED7}.Release|Any CPU.Build.0 = Release|Any CPU
	EndGlobalSection
	GlobalSection(SolutionProperties) = preSolution
		HideSolutionNode = FALSE
	EndGlobalSection
	GlobalSection(ExtensibilityGlobals) = postSolution
		SolutionGuid = {1DB32926-B1D5-40BC-B116-64272BC78F91}
	EndGlobalSection
EndGlobal
