
Microsoft Visual Studio Solution File, Format Version 12.00
# Visual Studio Version 16
VisualStudioVersion = 16.0.31729.503
MinimumVisualStudioVersion = 10.0.40219.1
Project("{FAE04EC0-301F-11D3-BF4B-00C04F79EFBC}") = "№3", "№3\№3.csproj", "{BFEC9D12-EA14-4F0B-9BC2-C8DB67BD02C6}"
EndProject
Global
	GlobalSection(SolutionConfigurationPlatforms) = preSolution
		Debug|Any CPU = Debug|Any CPU
		Release|Any CPU = Release|Any CPU
	EndGlobalSection
	GlobalSection(ProjectConfigurationPlatforms) = postSolution
		{BFEC9D12-EA14-4F0B-9BC2-C8DB67BD02C6}.Debug|Any CPU.ActiveCfg = Debug|Any CPU
		{BFEC9D12-EA14-4F0B-9BC2-C8DB67BD02C6}.Debug|Any CPU.Build.0 = Debug|Any CPU
		{BFEC9D12-EA14-4F0B-9BC2-C8DB67BD02C6}.Release|Any CPU.ActiveCfg = Release|Any CPU
		{BFEC9D12-EA14-4F0B-9BC2-C8DB67BD02C6}.Release|Any CPU.Build.0 = Release|Any CPU
	EndGlobalSection
	GlobalSection(SolutionProperties) = preSolution
		HideSolutionNode = FALSE
	EndGlobalSection
	GlobalSection(ExtensibilityGlobals) = postSolution
		SolutionGuid = {3B4A2DFD-A7EB-457B-B4D0-60CF346BDF66}
	EndGlobalSection
EndGlobal
