
Microsoft Visual Studio Solution File, Format Version 12.00
# Visual Studio Version 16
VisualStudioVersion = 16.0.31729.503
MinimumVisualStudioVersion = 10.0.40219.1
Project("{FAE04EC0-301F-11D3-BF4B-00C04F79EFBC}") = "C_24", "C_24\C_24.csproj", "{24698428-E2A0-4BFB-98E2-0FEEAC8D4E4B}"
EndProject
Global
	GlobalSection(SolutionConfigurationPlatforms) = preSolution
		Debug|Any CPU = Debug|Any CPU
		Release|Any CPU = Release|Any CPU
	EndGlobalSection
	GlobalSection(ProjectConfigurationPlatforms) = postSolution
		{24698428-E2A0-4BFB-98E2-0FEEAC8D4E4B}.Debug|Any CPU.ActiveCfg = Debug|Any CPU
		{24698428-E2A0-4BFB-98E2-0FEEAC8D4E4B}.Debug|Any CPU.Build.0 = Debug|Any CPU
		{24698428-E2A0-4BFB-98E2-0FEEAC8D4E4B}.Release|Any CPU.ActiveCfg = Release|Any CPU
		{24698428-E2A0-4BFB-98E2-0FEEAC8D4E4B}.Release|Any CPU.Build.0 = Release|Any CPU
	EndGlobalSection
	GlobalSection(SolutionProperties) = preSolution
		HideSolutionNode = FALSE
	EndGlobalSection
	GlobalSection(ExtensibilityGlobals) = postSolution
		SolutionGuid = {771453E3-804B-4A0E-8022-19B33D28E723}
	EndGlobalSection
EndGlobal
