
Microsoft Visual Studio Solution File, Format Version 12.00
# Visual Studio Version 16
VisualStudioVersion = 16.0.31729.503
MinimumVisualStudioVersion = 10.0.40219.1
Project("{FAE04EC0-301F-11D3-BF4B-00C04F79EFBC}") = "№5", "№5\№5.csproj", "{65AEE285-A725-4DBA-A230-837E413AEFBA}"
EndProject
Global
	GlobalSection(SolutionConfigurationPlatforms) = preSolution
		Debug|Any CPU = Debug|Any CPU
		Release|Any CPU = Release|Any CPU
	EndGlobalSection
	GlobalSection(ProjectConfigurationPlatforms) = postSolution
		{65AEE285-A725-4DBA-A230-837E413AEFBA}.Debug|Any CPU.ActiveCfg = Debug|Any CPU
		{65AEE285-A725-4DBA-A230-837E413AEFBA}.Debug|Any CPU.Build.0 = Debug|Any CPU
		{65AEE285-A725-4DBA-A230-837E413AEFBA}.Release|Any CPU.ActiveCfg = Release|Any CPU
		{65AEE285-A725-4DBA-A230-837E413AEFBA}.Release|Any CPU.Build.0 = Release|Any CPU
	EndGlobalSection
	GlobalSection(SolutionProperties) = preSolution
		HideSolutionNode = FALSE
	EndGlobalSection
	GlobalSection(ExtensibilityGlobals) = postSolution
		SolutionGuid = {6B57A03E-77CC-43A4-8F4A-C773CF53400A}
	EndGlobalSection
EndGlobal
