
Microsoft Visual Studio Solution File, Format Version 12.00
# Visual Studio Version 16
VisualStudioVersion = 16.0.28803.916
MinimumVisualStudioVersion = 10.0.40219.1
Project("{FAE04EC0-301F-11D3-BF4B-00C04F79EFBC}") = "№1", "№1.csproj", "{F65969B3-2A8A-49C1-AAE5-B21E27329A83}"
EndProject
Global
	GlobalSection(SolutionConfigurationPlatforms) = preSolution
		Debug|Any CPU = Debug|Any CPU
		Release|Any CPU = Release|Any CPU
	EndGlobalSection
	GlobalSection(ProjectConfigurationPlatforms) = postSolution
		{F65969B3-2A8A-49C1-AAE5-B21E27329A83}.Debug|Any CPU.ActiveCfg = Debug|Any CPU
		{F65969B3-2A8A-49C1-AAE5-B21E27329A83}.Debug|Any CPU.Build.0 = Debug|Any CPU
		{F65969B3-2A8A-49C1-AAE5-B21E27329A83}.Release|Any CPU.ActiveCfg = Release|Any CPU
		{F65969B3-2A8A-49C1-AAE5-B21E27329A83}.Release|Any CPU.Build.0 = Release|Any CPU
	EndGlobalSection
	GlobalSection(SolutionProperties) = preSolution
		HideSolutionNode = FALSE
	EndGlobalSection
	GlobalSection(ExtensibilityGlobals) = postSolution
		SolutionGuid = {BE777158-F99F-4953-A613-597852C9DDE8}
	EndGlobalSection
EndGlobal
