
Microsoft Visual Studio Solution File, Format Version 12.00
# Visual Studio Version 16
VisualStudioVersion = 16.0.31729.503
MinimumVisualStudioVersion = 10.0.40219.1
Project("{FAE04EC0-301F-11D3-BF4B-00C04F79EFBC}") = "дз", "дз\дз.csproj", "{09AE4526-6FF3-41F4-B8C3-A2BE310AC878}"
EndProject
Global
	GlobalSection(SolutionConfigurationPlatforms) = preSolution
		Debug|Any CPU = Debug|Any CPU
		Release|Any CPU = Release|Any CPU
	EndGlobalSection
	GlobalSection(ProjectConfigurationPlatforms) = postSolution
		{09AE4526-6FF3-41F4-B8C3-A2BE310AC878}.Debug|Any CPU.ActiveCfg = Debug|Any CPU
		{09AE4526-6FF3-41F4-B8C3-A2BE310AC878}.Debug|Any CPU.Build.0 = Debug|Any CPU
		{09AE4526-6FF3-41F4-B8C3-A2BE310AC878}.Release|Any CPU.ActiveCfg = Release|Any CPU
		{09AE4526-6FF3-41F4-B8C3-A2BE310AC878}.Release|Any CPU.Build.0 = Release|Any CPU
	EndGlobalSection
	GlobalSection(SolutionProperties) = preSolution
		HideSolutionNode = FALSE
	EndGlobalSection
	GlobalSection(ExtensibilityGlobals) = postSolution
		SolutionGuid = {2100555E-A7D2-4163-BE0A-1AF1FD4423AD}
	EndGlobalSection
EndGlobal
