
Microsoft Visual Studio Solution File, Format Version 12.00
# Visual Studio Version 16
VisualStudioVersion = 16.0.28803.916
MinimumVisualStudioVersion = 10.0.40219.1
Project("{FAE04EC0-301F-11D3-BF4B-00C04F79EFBC}") = "№2", "№2.csproj", "{910A8436-2890-4293-A33E-1C962FAD4382}"
EndProject
Global
	GlobalSection(SolutionConfigurationPlatforms) = preSolution
		Debug|Any CPU = Debug|Any CPU
		Release|Any CPU = Release|Any CPU
	EndGlobalSection
	GlobalSection(ProjectConfigurationPlatforms) = postSolution
		{910A8436-2890-4293-A33E-1C962FAD4382}.Debug|Any CPU.ActiveCfg = Debug|Any CPU
		{910A8436-2890-4293-A33E-1C962FAD4382}.Debug|Any CPU.Build.0 = Debug|Any CPU
		{910A8436-2890-4293-A33E-1C962FAD4382}.Release|Any CPU.ActiveCfg = Release|Any CPU
		{910A8436-2890-4293-A33E-1C962FAD4382}.Release|Any CPU.Build.0 = Release|Any CPU
	EndGlobalSection
	GlobalSection(SolutionProperties) = preSolution
		HideSolutionNode = FALSE
	EndGlobalSection
	GlobalSection(ExtensibilityGlobals) = postSolution
		SolutionGuid = {FD37A325-BB5C-4AE0-A040-D543BCE3E4AC}
	EndGlobalSection
EndGlobal
