
Microsoft Visual Studio Solution File, Format Version 12.00
# Visual Studio Version 16
VisualStudioVersion = 16.0.31729.503
MinimumVisualStudioVersion = 10.0.40219.1
Project("{FAE04EC0-301F-11D3-BF4B-00C04F79EFBC}") = "№3", "№3\№3.csproj", "{382F6973-F463-444C-AFE5-ABFA21C02B1F}"
EndProject
Global
	GlobalSection(SolutionConfigurationPlatforms) = preSolution
		Debug|Any CPU = Debug|Any CPU
		Release|Any CPU = Release|Any CPU
	EndGlobalSection
	GlobalSection(ProjectConfigurationPlatforms) = postSolution
		{382F6973-F463-444C-AFE5-ABFA21C02B1F}.Debug|Any CPU.ActiveCfg = Debug|Any CPU
		{382F6973-F463-444C-AFE5-ABFA21C02B1F}.Debug|Any CPU.Build.0 = Debug|Any CPU
		{382F6973-F463-444C-AFE5-ABFA21C02B1F}.Release|Any CPU.ActiveCfg = Release|Any CPU
		{382F6973-F463-444C-AFE5-ABFA21C02B1F}.Release|Any CPU.Build.0 = Release|Any CPU
	EndGlobalSection
	GlobalSection(SolutionProperties) = preSolution
		HideSolutionNode = FALSE
	EndGlobalSection
	GlobalSection(ExtensibilityGlobals) = postSolution
		SolutionGuid = {6D1A4D97-A928-439B-AB66-10BB0676593A}
	EndGlobalSection
EndGlobal
