
Microsoft Visual Studio Solution File, Format Version 12.00
# Visual Studio Version 16
VisualStudioVersion = 16.0.31729.503
MinimumVisualStudioVersion = 10.0.40219.1
Project("{FAE04EC0-301F-11D3-BF4B-00C04F79EFBC}") = "№4", "№4\№4.csproj", "{C9404407-8829-49FD-A417-50D3F1B958B1}"
EndProject
Global
	GlobalSection(SolutionConfigurationPlatforms) = preSolution
		Debug|Any CPU = Debug|Any CPU
		Release|Any CPU = Release|Any CPU
	EndGlobalSection
	GlobalSection(ProjectConfigurationPlatforms) = postSolution
		{C9404407-8829-49FD-A417-50D3F1B958B1}.Debug|Any CPU.ActiveCfg = Debug|Any CPU
		{C9404407-8829-49FD-A417-50D3F1B958B1}.Debug|Any CPU.Build.0 = Debug|Any CPU
		{C9404407-8829-49FD-A417-50D3F1B958B1}.Release|Any CPU.ActiveCfg = Release|Any CPU
		{C9404407-8829-49FD-A417-50D3F1B958B1}.Release|Any CPU.Build.0 = Release|Any CPU
	EndGlobalSection
	GlobalSection(SolutionProperties) = preSolution
		HideSolutionNode = FALSE
	EndGlobalSection
	GlobalSection(ExtensibilityGlobals) = postSolution
		SolutionGuid = {98983F9F-4D06-47F7-BDFE-27C1F5188694}
	EndGlobalSection
EndGlobal
