
Microsoft Visual Studio Solution File, Format Version 12.00
# Visual Studio Version 16
VisualStudioVersion = 16.0.31729.503
MinimumVisualStudioVersion = 10.0.40219.1
Project("{FAE04EC0-301F-11D3-BF4B-00C04F79EFBC}") = "№2", "№2\№2.csproj", "{5BD56674-27FB-4301-A94F-FBA283956D42}"
EndProject
Global
	GlobalSection(SolutionConfigurationPlatforms) = preSolution
		Debug|Any CPU = Debug|Any CPU
		Release|Any CPU = Release|Any CPU
	EndGlobalSection
	GlobalSection(ProjectConfigurationPlatforms) = postSolution
		{5BD56674-27FB-4301-A94F-FBA283956D42}.Debug|Any CPU.ActiveCfg = Debug|Any CPU
		{5BD56674-27FB-4301-A94F-FBA283956D42}.Debug|Any CPU.Build.0 = Debug|Any CPU
		{5BD56674-27FB-4301-A94F-FBA283956D42}.Release|Any CPU.ActiveCfg = Release|Any CPU
		{5BD56674-27FB-4301-A94F-FBA283956D42}.Release|Any CPU.Build.0 = Release|Any CPU
	EndGlobalSection
	GlobalSection(SolutionProperties) = preSolution
		HideSolutionNode = FALSE
	EndGlobalSection
	GlobalSection(ExtensibilityGlobals) = postSolution
		SolutionGuid = {065DC70C-A94C-4CE3-81F8-71F74441F22F}
	EndGlobalSection
EndGlobal
