
Microsoft Visual Studio Solution File, Format Version 12.00
# Visual Studio Version 16
VisualStudioVersion = 16.0.31729.503
MinimumVisualStudioVersion = 10.0.40219.1
Project("{FAE04EC0-301F-11D3-BF4B-00C04F79EFBC}") = "№4", "№4\№4.csproj", "{AD8E5D07-BD25-4083-859A-A6709FB91C54}"
EndProject
Global
	GlobalSection(SolutionConfigurationPlatforms) = preSolution
		Debug|Any CPU = Debug|Any CPU
		Release|Any CPU = Release|Any CPU
	EndGlobalSection
	GlobalSection(ProjectConfigurationPlatforms) = postSolution
		{AD8E5D07-BD25-4083-859A-A6709FB91C54}.Debug|Any CPU.ActiveCfg = Debug|Any CPU
		{AD8E5D07-BD25-4083-859A-A6709FB91C54}.Debug|Any CPU.Build.0 = Debug|Any CPU
		{AD8E5D07-BD25-4083-859A-A6709FB91C54}.Release|Any CPU.ActiveCfg = Release|Any CPU
		{AD8E5D07-BD25-4083-859A-A6709FB91C54}.Release|Any CPU.Build.0 = Release|Any CPU
	EndGlobalSection
	GlobalSection(SolutionProperties) = preSolution
		HideSolutionNode = FALSE
	EndGlobalSection
	GlobalSection(ExtensibilityGlobals) = postSolution
		SolutionGuid = {11D628AE-4B76-4615-9135-BEC78C2DE751}
	EndGlobalSection
EndGlobal
