
Microsoft Visual Studio Solution File, Format Version 12.00
# Visual Studio Version 16
VisualStudioVersion = 16.0.31729.503
MinimumVisualStudioVersion = 10.0.40219.1
Project("{FAE04EC0-301F-11D3-BF4B-00C04F79EFBC}") = "№1", "№1\№1.csproj", "{56D99059-FB60-4175-B063-503AF6A44BB5}"
EndProject
Global
	GlobalSection(SolutionConfigurationPlatforms) = preSolution
		Debug|Any CPU = Debug|Any CPU
		Release|Any CPU = Release|Any CPU
	EndGlobalSection
	GlobalSection(ProjectConfigurationPlatforms) = postSolution
		{56D99059-FB60-4175-B063-503AF6A44BB5}.Debug|Any CPU.ActiveCfg = Debug|Any CPU
		{56D99059-FB60-4175-B063-503AF6A44BB5}.Debug|Any CPU.Build.0 = Debug|Any CPU
		{56D99059-FB60-4175-B063-503AF6A44BB5}.Release|Any CPU.ActiveCfg = Release|Any CPU
		{56D99059-FB60-4175-B063-503AF6A44BB5}.Release|Any CPU.Build.0 = Release|Any CPU
	EndGlobalSection
	GlobalSection(SolutionProperties) = preSolution
		HideSolutionNode = FALSE
	EndGlobalSection
	GlobalSection(ExtensibilityGlobals) = postSolution
		SolutionGuid = {A7BF3FBF-CFF6-42BC-95FB-AFC7F13B46AF}
	EndGlobalSection
EndGlobal
