
Microsoft Visual Studio Solution File, Format Version 12.00
# Visual Studio Version 16
VisualStudioVersion = 16.0.31729.503
MinimumVisualStudioVersion = 10.0.40219.1
Project("{FAE04EC0-301F-11D3-BF4B-00C04F79EFBC}") = "№6", "№6\№6.csproj", "{F62975BB-36D9-4141-B3C4-496044E867DA}"
EndProject
Global
	GlobalSection(SolutionConfigurationPlatforms) = preSolution
		Debug|Any CPU = Debug|Any CPU
		Release|Any CPU = Release|Any CPU
	EndGlobalSection
	GlobalSection(ProjectConfigurationPlatforms) = postSolution
		{F62975BB-36D9-4141-B3C4-496044E867DA}.Debug|Any CPU.ActiveCfg = Debug|Any CPU
		{F62975BB-36D9-4141-B3C4-496044E867DA}.Debug|Any CPU.Build.0 = Debug|Any CPU
		{F62975BB-36D9-4141-B3C4-496044E867DA}.Release|Any CPU.ActiveCfg = Release|Any CPU
		{F62975BB-36D9-4141-B3C4-496044E867DA}.Release|Any CPU.Build.0 = Release|Any CPU
	EndGlobalSection
	GlobalSection(SolutionProperties) = preSolution
		HideSolutionNode = FALSE
	EndGlobalSection
	GlobalSection(ExtensibilityGlobals) = postSolution
		SolutionGuid = {6C1CC9E9-B7A9-468E-907B-12CCB6F39959}
	EndGlobalSection
EndGlobal
