
Microsoft Visual Studio Solution File, Format Version 12.00
# Visual Studio Version 16
VisualStudioVersion = 16.0.31729.503
MinimumVisualStudioVersion = 10.0.40219.1
Project("{FAE04EC0-301F-11D3-BF4B-00C04F79EFBC}") = "1.22", "1.22\1.22.csproj", "{CBA900D4-67BE-4A6C-AA1B-906FDD52E022}"
EndProject
Global
	GlobalSection(SolutionConfigurationPlatforms) = preSolution
		Debug|Any CPU = Debug|Any CPU
		Release|Any CPU = Release|Any CPU
	EndGlobalSection
	GlobalSection(ProjectConfigurationPlatforms) = postSolution
		{CBA900D4-67BE-4A6C-AA1B-906FDD52E022}.Debug|Any CPU.ActiveCfg = Debug|Any CPU
		{CBA900D4-67BE-4A6C-AA1B-906FDD52E022}.Debug|Any CPU.Build.0 = Debug|Any CPU
		{CBA900D4-67BE-4A6C-AA1B-906FDD52E022}.Release|Any CPU.ActiveCfg = Release|Any CPU
		{CBA900D4-67BE-4A6C-AA1B-906FDD52E022}.Release|Any CPU.Build.0 = Release|Any CPU
	EndGlobalSection
	GlobalSection(SolutionProperties) = preSolution
		HideSolutionNode = FALSE
	EndGlobalSection
	GlobalSection(ExtensibilityGlobals) = postSolution
		SolutionGuid = {25ACD88C-A9B1-44F3-A742-66A76D4AD727}
	EndGlobalSection
EndGlobal
