
Microsoft Visual Studio Solution File, Format Version 12.00
# Visual Studio Version 16
VisualStudioVersion = 16.0.28803.916
MinimumVisualStudioVersion = 10.0.40219.1
Project("{FAE04EC0-301F-11D3-BF4B-00C04F79EFBC}") = "22.02.2022", "22.02.2022.csproj", "{C4BB9215-9D5C-4AAC-9D36-A9871DB4F675}"
EndProject
Global
	GlobalSection(SolutionConfigurationPlatforms) = preSolution
		Debug|Any CPU = Debug|Any CPU
		Release|Any CPU = Release|Any CPU
	EndGlobalSection
	GlobalSection(ProjectConfigurationPlatforms) = postSolution
		{C4BB9215-9D5C-4AAC-9D36-A9871DB4F675}.Debug|Any CPU.ActiveCfg = Debug|Any CPU
		{C4BB9215-9D5C-4AAC-9D36-A9871DB4F675}.Debug|Any CPU.Build.0 = Debug|Any CPU
		{C4BB9215-9D5C-4AAC-9D36-A9871DB4F675}.Release|Any CPU.ActiveCfg = Release|Any CPU
		{C4BB9215-9D5C-4AAC-9D36-A9871DB4F675}.Release|Any CPU.Build.0 = Release|Any CPU
	EndGlobalSection
	GlobalSection(SolutionProperties) = preSolution
		HideSolutionNode = FALSE
	EndGlobalSection
	GlobalSection(ExtensibilityGlobals) = postSolution
		SolutionGuid = {30B77C31-2875-44C3-A1D8-86882EF02A3C}
	EndGlobalSection
EndGlobal
