
Microsoft Visual Studio Solution File, Format Version 12.00
# Visual Studio Version 16
VisualStudioVersion = 16.0.31729.503
MinimumVisualStudioVersion = 10.0.40219.1
Project("{FAE04EC0-301F-11D3-BF4B-00C04F79EFBC}") = "C_24", "C_24\C_24.csproj", "{1271039E-7E83-46B3-9A9D-A376EA07790A}"
EndProject
Global
	GlobalSection(SolutionConfigurationPlatforms) = preSolution
		Debug|Any CPU = Debug|Any CPU
		Release|Any CPU = Release|Any CPU
	EndGlobalSection
	GlobalSection(ProjectConfigurationPlatforms) = postSolution
		{1271039E-7E83-46B3-9A9D-A376EA07790A}.Debug|Any CPU.ActiveCfg = Debug|Any CPU
		{1271039E-7E83-46B3-9A9D-A376EA07790A}.Debug|Any CPU.Build.0 = Debug|Any CPU
		{1271039E-7E83-46B3-9A9D-A376EA07790A}.Release|Any CPU.ActiveCfg = Release|Any CPU
		{1271039E-7E83-46B3-9A9D-A376EA07790A}.Release|Any CPU.Build.0 = Release|Any CPU
	EndGlobalSection
	GlobalSection(SolutionProperties) = preSolution
		HideSolutionNode = FALSE
	EndGlobalSection
	GlobalSection(ExtensibilityGlobals) = postSolution
		SolutionGuid = {54FE8D66-1DDE-4782-8349-950293B6F4CF}
	EndGlobalSection
EndGlobal
